
Microsoft Visual Studio Solution File, Format Version 12.00
# Visual Studio Version 17
VisualStudioVersion = 17.13.35828.75 d17.13
MinimumVisualStudioVersion = 10.0.40219.1
Project("{8BC9CEB8-8B4A-11D0-8D11-00A0C91BC942}") = "Fourth", "Fourth.vcxproj", "{4DF1E90B-FA46-4433-9583-360BA59B7CF9}"
EndProject
Global
	GlobalSection(SolutionConfigurationPlatforms) = preSolution
		Debug|x64 = Debug|x64
		Debug|x86 = Debug|x86
		Release|x64 = Release|x64
		Release|x86 = Release|x86
	EndGlobalSection
	GlobalSection(ProjectConfigurationPlatforms) = postSolution
		{4DF1E90B-FA46-4433-9583-360BA59B7CF9}.Debug|x64.ActiveCfg = Debug|x64
		{4DF1E90B-FA46-4433-9583-360BA59B7CF9}.Debug|x64.Build.0 = Debug|x64
		{4DF1E90B-FA46-4433-9583-360BA59B7CF9}.Debug|x86.ActiveCfg = Debug|Win32
		{4DF1E90B-FA46-4433-9583-360BA59B7CF9}.Debug|x86.Build.0 = Debug|Win32
		{4DF1E90B-FA46-4433-9583-360BA59B7CF9}.Release|x64.ActiveCfg = Release|x64
		{4DF1E90B-FA46-4433-9583-360BA59B7CF9}.Release|x64.Build.0 = Release|x64
		{4DF1E90B-FA46-4433-9583-360BA59B7CF9}.Release|x86.ActiveCfg = Release|Win32
		{4DF1E90B-FA46-4433-9583-360BA59B7CF9}.Release|x86.Build.0 = Release|Win32
	EndGlobalSection
	GlobalSection(SolutionProperties) = preSolution
		HideSolutionNode = FALSE
	EndGlobalSection
	GlobalSection(ExtensibilityGlobals) = postSolution
		SolutionGuid = {A47A9EDE-58BD-4C8C-9073-045FE68C2132}
	EndGlobalSection
EndGlobal
